github.com/secengcommons/proctree v1.1.0 h1:yGfBpAdORgG8OWKdlofT/G9jMDJSC42yON/b0maXNXc=
github.com/secengcommons/proctree v1.1.0/go.mod h1:64mNFMhgsB1k63f6L8yRLG+5/sc8r6UHuSZIxvtPkbY=
github.com/secengcommons/verify v1.0.0-alpha5 h1:TqYrXKs3AAYRiyG3Igl7DuUf3/R2RPzw4WUK/MXabCw=
github.com/secengcommons/verify v1.0.0-alpha5/go.mod h1:WCsxUrxx0f+y3Km8iZt/Wiwkxz0oM+YLdbfq4Q0qojQ=
go.yaml.in/yaml/v3 v3.0.5 h1:N6y/pJk8buWs9NY5ERU2HSMfm+IuD/OtfdAnq6kESPw=
go.yaml.in/yaml/v3 v3.0.5/go.mod h1:HVTZu1O7/Vkt2N+BFy8Zza+lnLsABggaTM2ZpNIGuKg=
golang.org/x/sys v0.48.0 h1:bbX/i/6MgT9BVLM9RT1thmxL04yeTAhbEz4SyadbXoo=
golang.org/x/sys v0.48.0/go.mod h1:hNLxWAXmnKAxqDtdwIYC4bM9oQPEecfsnNMuSxOs3og=
